
Microsoft Visual Studio Solution File, Format Version 12.00
# Visual Studio Version 16
VisualStudioVersion = 16.0.33423.256
MinimumVisualStudioVersion = 10.0.40219.1
Project("{8BC9CEB8-8B4A-11D0-8D11-00A0C91BC942}") = "p16-初识指针", "p16-初识指针\p16-初识指针.vcxproj", "{D8941AC6-E5B1-4815-B848-A5977D6D548E}"
EndProject
Global
	GlobalSection(SolutionConfigurationPlatforms) = preSolution
		Debug|x64 = Debug|x64
		Debug|x86 = Debug|x86
		Release|x64 = Release|x64
		Release|x86 = Release|x86
	EndGlobalSection
	GlobalSection(ProjectConfigurationPlatforms) = postSolution
		{D8941AC6-E5B1-4815-B848-A5977D6D548E}.Debug|x64.ActiveCfg = Debug|x64
		{D8941AC6-E5B1-4815-B848-A5977D6D548E}.Debug|x64.Build.0 = Debug|x64
		{D8941AC6-E5B1-4815-B848-A5977D6D548E}.Debug|x86.ActiveCfg = Debug|Win32
		{D8941AC6-E5B1-4815-B848-A5977D6D548E}.Debug|x86.Build.0 = Debug|Win32
		{D8941AC6-E5B1-4815-B848-A5977D6D548E}.Release|x64.ActiveCfg = Release|x64
		{D8941AC6-E5B1-4815-B848-A5977D6D548E}.Release|x64.Build.0 = Release|x64
		{D8941AC6-E5B1-4815-B848-A5977D6D548E}.Release|x86.ActiveCfg = Release|Win32
		{D8941AC6-E5B1-4815-B848-A5977D6D548E}.Release|x86.Build.0 = Release|Win32
	EndGlobalSection
	GlobalSection(SolutionProperties) = preSolution
		HideSolutionNode = FALSE
	EndGlobalSection
	GlobalSection(ExtensibilityGlobals) = postSolution
		SolutionGuid = {A2037715-D506-4193-BFEB-DCD5D4D56731}
	EndGlobalSection
EndGlobal
