
Microsoft Visual Studio Solution File, Format Version 12.00
# Visual Studio Version 16
VisualStudioVersion = 16.0.33423.256
MinimumVisualStudioVersion = 10.0.40219.1
Project("{8BC9CEB8-8B4A-11D0-8D11-00A0C91BC942}") = "p5-什么是常量", "p5-什么是常量\p5-什么是常量.vcxproj", "{062E82FE-9485-4C60-A9C8-72FDE2B8ED83}"
EndProject
Global
	GlobalSection(SolutionConfigurationPlatforms) = preSolution
		Debug|x64 = Debug|x64
		Debug|x86 = Debug|x86
		Release|x64 = Release|x64
		Release|x86 = Release|x86
	EndGlobalSection
	GlobalSection(ProjectConfigurationPlatforms) = postSolution
		{062E82FE-9485-4C60-A9C8-72FDE2B8ED83}.Debug|x64.ActiveCfg = Debug|x64
		{062E82FE-9485-4C60-A9C8-72FDE2B8ED83}.Debug|x64.Build.0 = Debug|x64
		{062E82FE-9485-4C60-A9C8-72FDE2B8ED83}.Debug|x86.ActiveCfg = Debug|Win32
		{062E82FE-9485-4C60-A9C8-72FDE2B8ED83}.Debug|x86.Build.0 = Debug|Win32
		{062E82FE-9485-4C60-A9C8-72FDE2B8ED83}.Release|x64.ActiveCfg = Release|x64
		{062E82FE-9485-4C60-A9C8-72FDE2B8ED83}.Release|x64.Build.0 = Release|x64
		{062E82FE-9485-4C60-A9C8-72FDE2B8ED83}.Release|x86.ActiveCfg = Release|Win32
		{062E82FE-9485-4C60-A9C8-72FDE2B8ED83}.Release|x86.Build.0 = Release|Win32
	EndGlobalSection
	GlobalSection(SolutionProperties) = preSolution
		HideSolutionNode = FALSE
	EndGlobalSection
	GlobalSection(ExtensibilityGlobals) = postSolution
		SolutionGuid = {4BF15B5B-8792-4A58-A38D-2FEFEEAE1C10}
	EndGlobalSection
EndGlobal
